// !$*UTF8*$!
{
	archiveVersion = 1;
	classes = {
	};
	objectVersion = 56;
	objects = {

/* Begin PBXBuildFile section */
		1FACF9E52C03772600E7F159 /* Localizable.xcstrings in Resources */ = {isa = PBXBuildFile; fileRef = 1FACF9E42C03772600E7F159 /* Localizable.xcstrings */; };
		1FACF9E72C03794C00E7F159 /* StringExtensions.swift in Sources */ = {isa = PBXBuildFile; fileRef = 1FACF9E62C03794C00E7F159 /* StringExtensions.swift */; };
		1FB867612C0388AB00DAF6F0 /* PilotAppUITests.swift in Sources */ = {isa = PBXBuildFile; fileRef = 1FB867602C0388AB00DAF6F0 /* PilotAppUITests.swift */; };
		1FD2CE422C01E06700ECBAA5 /* PilotAppApp.swift in Sources */ = {isa = PBXBuildFile; fileRef = 1FD2CE412C01E06700ECBAA5 /* PilotAppApp.swift */; };
		1FD2CE442C01E06700ECBAA5 /* ContentView.swift in Sources */ = {isa = PBXBuildFile; fileRef = 1FD2CE432C01E06700ECBAA5 /* ContentView.swift */; };
		1FD2CE462C01E06800ECBAA5 /* Assets.xcassets in Resources */ = {isa = PBXBuildFile; fileRef = 1FD2CE452C01E06800ECBAA5 /* Assets.xcassets */; };
		1FD2CE492C01E06800ECBAA5 /* Preview Assets.xcassets in Resources */ = {isa = PBXBuildFile; fileRef = 1FD2CE482C01E06800ECBAA5 /* Preview Assets.xcassets */; };
		1FD2CE532C01E06800ECBAA5 /* RegistrationViewModelTests.swift in Sources */ = {isa = PBXBuildFile; fileRef = 1FD2CE522C01E06800ECBAA5 /* RegistrationViewModelTests.swift */; };
		1FD2CE712C01E12F00ECBAA5 /* RegistrationView.swift in Sources */ = {isa = PBXBuildFile; fileRef = 1FD2CE702C01E12F00ECBAA5 /* RegistrationView.swift */; };
		1FD2CE742C01E18B00ECBAA5 /* RegistrationViewModel.swift in Sources */ = {isa = PBXBuildFile; fileRef = 1FD2CE732C01E18B00ECBAA5 /* RegistrationViewModel.swift */; };
		1FD2CE762C01EE9100ECBAA5 /* RegistrationBusinessLogic.swift in Sources */ = {isa = PBXBuildFile; fileRef = 1FD2CE752C01EE9100ECBAA5 /* RegistrationBusinessLogic.swift */; };
		1FD2CE792C022F3D00ECBAA5 /* licenses.json in Resources */ = {isa = PBXBuildFile; fileRef = 1FD2CE782C022F3D00ECBAA5 /* licenses.json */; };
		1FD2CE7D2C022F8900ECBAA5 /* PilotLicense.swift in Sources */ = {isa = PBXBuildFile; fileRef = 1FD2CE7C2C022F8900ECBAA5 /* PilotLicense.swift */; };
		1FD2CE802C0230C800ECBAA5 /* LicensesRepository.swift in Sources */ = {isa = PBXBuildFile; fileRef = 1FD2CE7F2C0230C800ECBAA5 /* LicensesRepository.swift */; };
		1FD2CE832C0232ED00ECBAA5 /* Errors.swift in Sources */ = {isa = PBXBuildFile; fileRef = 1FD2CE822C0232ED00ECBAA5 /* Errors.swift */; };
		1FD2CE852C0236A200ECBAA5 /* LocalRepositoryTests.swift in Sources */ = {isa = PBXBuildFile; fileRef = 1FD2CE842C0236A200ECBAA5 /* LocalRepositoryTests.swift */; };
		1FD2CE872C02398C00ECBAA5 /* RegistrationBusinessLogicTests.swift in Sources */ = {isa = PBXBuildFile; fileRef = 1FD2CE862C02398C00ECBAA5 /* RegistrationBusinessLogicTests.swift */; };
		1FD2CE892C02399B00ECBAA5 /* TestMocks.swift in Sources */ = {isa = PBXBuildFile; fileRef = 1FD2CE882C02399B00ECBAA5 /* TestMocks.swift */; };
		1FD2CE8C2C023EDC00ECBAA5 /* Persistable.swift in Sources */ = {isa = PBXBuildFile; fileRef = 1FD2CE8B2C023EDC00ECBAA5 /* Persistable.swift */; };
		1FD2CE8E2C023EFB00ECBAA5 /* UserDefaultsPersistance.swift in Sources */ = {isa = PBXBuildFile; fileRef = 1FD2CE8D2C023EFB00ECBAA5 /* UserDefaultsPersistance.swift */; };
		1FD2CE902C023F5E00ECBAA5 /* User.swift in Sources */ = {isa = PBXBuildFile; fileRef = 1FD2CE8F2C023F5E00ECBAA5 /* User.swift */; };
		1FD2CE932C0324C300ECBAA5 /* PilotAppViewFactory.swift in Sources */ = {isa = PBXBuildFile; fileRef = 1FD2CE922C0324C300ECBAA5 /* PilotAppViewFactory.swift */; };
		1FD2CE962C03267900ECBAA5 /* NavigationViewModel.swift in Sources */ = {isa = PBXBuildFile; fileRef = 1FD2CE952C03267900ECBAA5 /* NavigationViewModel.swift */; };
		1FD2CE982C03289E00ECBAA5 /* UserPersistance.swift in Sources */ = {isa = PBXBuildFile; fileRef = 1FD2CE972C03289E00ECBAA5 /* UserPersistance.swift */; };
		1FD2CE9C2C032B2800ECBAA5 /* ConfirmationView.swift in Sources */ = {isa = PBXBuildFile; fileRef = 1FD2CE9B2C032B2800ECBAA5 /* ConfirmationView.swift */; };
		1FD2CE9E2C032CCD00ECBAA5 /* ConfirmationViewModelTests.swift in Sources */ = {isa = PBXBuildFile; fileRef = 1FD2CE9D2C032CCD00ECBAA5 /* ConfirmationViewModelTests.swift */; };
		1FD2CEA12C032CF300ECBAA5 /* ConfirmationViewModel.swift in Sources */ = {isa = PBXBuildFile; fileRef = 1FD2CEA02C032CF300ECBAA5 /* ConfirmationViewModel.swift */; };
		1FD2CEA52C033E6B00ECBAA5 /* ViewExtensions.swift in Sources */ = {isa = PBXBuildFile; fileRef = 1FD2CEA42C033E6B00ECBAA5 /* ViewExtensions.swift */; };
		1FFDD0142C053D3E0082B59A /* FormValidator.swift in Sources */ = {isa = PBXBuildFile; fileRef = 1FFDD0132C053D3E0082B59A /* FormValidator.swift */; };
		1FFDD0182C0541620082B59A /* FormValidatorTests.swift in Sources */ = {isa = PBXBuildFile; fileRef = 1FFDD0172C0541620082B59A /* FormValidatorTests.swift */; };
/* End PBXBuildFile section */

/* Begin PBXContainerItemProxy section */
		1FD2CE4F2C01E06800ECBAA5 /* PBXContainerItemProxy */ = {
			isa = PBXContainerItemProxy;
			containerPortal = 1FD2CE362C01E06700ECBAA5 /* Project object */;
			proxyType = 1;
			remoteGlobalIDString = 1FD2CE3D2C01E06700ECBAA5;
			remoteInfo = PilotApp;
		};
		1FD2CE592C01E06800ECBAA5 /* PBXContainerItemProxy */ = {
			isa = PBXContainerItemProxy;
			containerPortal = 1FD2CE362C01E06700ECBAA5 /* Project object */;
			proxyType = 1;
			remoteGlobalIDString = 1FD2CE3D2C01E06700ECBAA5;
			remoteInfo = PilotApp;
		};
/* End PBXContainerItemProxy section */

/* Begin PBXFileReference section */
		1FACF9E42C03772600E7F159 /* Localizable.xcstrings */ = {isa = PBXFileReference; lastKnownFileType = text.json.xcstrings; path = Localizable.xcstrings; sourceTree = "<group>"; };
		1FACF9E62C03794C00E7F159 /* StringExtensions.swift */ = {isa = PBXFileReference; lastKnownFileType = sourcecode.swift; path = StringExtensions.swift; sourceTree = "<group>"; };
		1FB867602C0388AB00DAF6F0 /* PilotAppUITests.swift */ = {isa = PBXFileReference; fileEncoding = 4; lastKnownFileType = sourcecode.swift; name = PilotAppUITests.swift; path = ../../../../.Trash/PilotAppUITests.swift; sourceTree = "<group>"; };
		1FD2CE3E2C01E06700ECBAA5 /* PilotApp.app */ = {isa = PBXFileReference; explicitFileType = wrapper.application; includeInIndex = 0; path = PilotApp.app; sourceTree = BUILT_PRODUCTS_DIR; };
		1FD2CE412C01E06700ECBAA5 /* PilotAppApp.swift */ = {isa = PBXFileReference; lastKnownFileType = sourcecode.swift; path = PilotAppApp.swift; sourceTree = "<group>"; };
		1FD2CE432C01E06700ECBAA5 /* ContentView.swift */ = {isa = PBXFileReference; lastKnownFileType = sourcecode.swift; path = ContentView.swift; sourceTree = "<group>"; };
		1FD2CE452C01E06800ECBAA5 /* Assets.xcassets */ = {isa = PBXFileReference; lastKnownFileType = folder.assetcatalog; path = Assets.xcassets; sourceTree = "<group>"; };
		1FD2CE482C01E06800ECBAA5 /* Preview Assets.xcassets */ = {isa = PBXFileReference; lastKnownFileType = folder.assetcatalog; path = "Preview Assets.xcassets"; sourceTree = "<group>"; };
		1FD2CE4E2C01E06800ECBAA5 /* PilotAppTests.xctest */ = {isa = PBXFileReference; explicitFileType = wrapper.cfbundle; includeInIndex = 0; path = PilotAppTests.xctest; sourceTree = BUILT_PRODUCTS_DIR; };
		1FD2CE522C01E06800ECBAA5 /* RegistrationViewModelTests.swift */ = {isa = PBXFileReference; lastKnownFileType = sourcecode.swift; path = RegistrationViewModelTests.swift; sourceTree = "<group>"; };
		1FD2CE582C01E06800ECBAA5 /* PilotAppUITests.xctest */ = {isa = PBXFileReference; explicitFileType = wrapper.cfbundle; includeInIndex = 0; path = PilotAppUITests.xctest; sourceTree = BUILT_PRODUCTS_DIR; };
		1FD2CE702C01E12F00ECBAA5 /* RegistrationView.swift */ = {isa = PBXFileReference; lastKnownFileType = sourcecode.swift; path = RegistrationView.swift; sourceTree = SOURCE_ROOT; };
		1FD2CE732C01E18B00ECBAA5 /* RegistrationViewModel.swift */ = {isa = PBXFileReference; lastKnownFileType = sourcecode.swift; path = RegistrationViewModel.swift; sourceTree = "<group>"; };
		1FD2CE752C01EE9100ECBAA5 /* RegistrationBusinessLogic.swift */ = {isa = PBXFileReference; lastKnownFileType = sourcecode.swift; path = RegistrationBusinessLogic.swift; sourceTree = "<group>"; };
		1FD2CE782C022F3D00ECBAA5 /* licenses.json */ = {isa = PBXFileReference; lastKnownFileType = text.json; path = licenses.json; sourceTree = "<group>"; };
		1FD2CE7C2C022F8900ECBAA5 /* PilotLicense.swift */ = {isa = PBXFileReference; lastKnownFileType = sourcecode.swift; path = PilotLicense.swift; sourceTree = "<group>"; };
		1FD2CE7F2C0230C800ECBAA5 /* LicensesRepository.swift */ = {isa = PBXFileReference; lastKnownFileType = sourcecode.swift; path = LicensesRepository.swift; sourceTree = "<group>"; };
		1FD2CE822C0232ED00ECBAA5 /* Errors.swift */ = {isa = PBXFileReference; lastKnownFileType = sourcecode.swift; path = Errors.swift; sourceTree = "<group>"; };
		1FD2CE842C0236A200ECBAA5 /* LocalRepositoryTests.swift */ = {isa = PBXFileReference; lastKnownFileType = sourcecode.swift; path = LocalRepositoryTests.swift; sourceTree = "<group>"; };
		1FD2CE862C02398C00ECBAA5 /* RegistrationBusinessLogicTests.swift */ = {isa = PBXFileReference; lastKnownFileType = sourcecode.swift; path = RegistrationBusinessLogicTests.swift; sourceTree = "<group>"; };
		1FD2CE882C02399B00ECBAA5 /* TestMocks.swift */ = {isa = PBXFileReference; lastKnownFileType = sourcecode.swift; path = TestMocks.swift; sourceTree = "<group>"; };
		1FD2CE8B2C023EDC00ECBAA5 /* Persistable.swift */ = {isa = PBXFileReference; lastKnownFileType = sourcecode.swift; path = Persistable.swift; sourceTree = "<group>"; };
		1FD2CE8D2C023EFB00ECBAA5 /* UserDefaultsPersistance.swift */ = {isa = PBXFileReference; lastKnownFileType = sourcecode.swift; path = UserDefaultsPersistance.swift; sourceTree = "<group>"; };
		1FD2CE8F2C023F5E00ECBAA5 /* User.swift */ = {isa = PBXFileReference; lastKnownFileType = sourcecode.swift; path = User.swift; sourceTree = "<group>"; };
		1FD2CE922C0324C300ECBAA5 /* PilotAppViewFactory.swift */ = {isa = PBXFileReference; lastKnownFileType = sourcecode.swift; path = PilotAppViewFactory.swift; sourceTree = "<group>"; };
		1FD2CE952C03267900ECBAA5 /* NavigationViewModel.swift */ = {isa = PBXFileReference; lastKnownFileType = sourcecode.swift; path = NavigationViewModel.swift; sourceTree = "<group>"; };
		1FD2CE972C03289E00ECBAA5 /* UserPersistance.swift */ = {isa = PBXFileReference; lastKnownFileType = sourcecode.swift; path = UserPersistance.swift; sourceTree = "<group>"; };
		1FD2CE9B2C032B2800ECBAA5 /* ConfirmationView.swift */ = {isa = PBXFileReference; lastKnownFileType = sourcecode.swift; path = ConfirmationView.swift; sourceTree = "<group>"; };
		1FD2CE9D2C032CCD00ECBAA5 /* ConfirmationViewModelTests.swift */ = {isa = PBXFileReference; lastKnownFileType = sourcecode.swift; path = ConfirmationViewModelTests.swift; sourceTree = "<group>"; };
		1FD2CEA02C032CF300ECBAA5 /* ConfirmationViewModel.swift */ = {isa = PBXFileReference; lastKnownFileType = sourcecode.swift; path = ConfirmationViewModel.swift; sourceTree = "<group>"; };
		1FD2CEA22C033D4000ECBAA5 /* PilotApp.entitlements */ = {isa = PBXFileReference; lastKnownFileType = text.plist.entitlements; path = PilotApp.entitlements; sourceTree = "<group>"; };
		1FD2CEA42C033E6B00ECBAA5 /* ViewExtensions.swift */ = {isa = PBXFileReference; lastKnownFileType = sourcecode.swift; path = ViewExtensions.swift; sourceTree = "<group>"; };
		1FFDD0132C053D3E0082B59A /* FormValidator.swift */ = {isa = PBXFileReference; lastKnownFileType = sourcecode.swift; path = FormValidator.swift; sourceTree = "<group>"; };
		1FFDD0172C0541620082B59A /* FormValidatorTests.swift */ = {isa = PBXFileReference; lastKnownFileType = sourcecode.swift; path = FormValidatorTests.swift; sourceTree = "<group>"; };
/* End PBXFileReference section */

/* Begin PBXFrameworksBuildPhase section */
		1FD2CE3B2C01E06700ECBAA5 /* Frameworks */ = {
			isa = PBXFrameworksBuildPhase;
			buildActionMask = 2147483647;
			files = (
			);
			runOnlyForDeploymentPostprocessing = 0;
		};
		1FD2CE4B2C01E06800ECBAA5 /* Frameworks */ = {
			isa = PBXFrameworksBuildPhase;
			buildActionMask = 2147483647;
			files = (
			);
			runOnlyForDeploymentPostprocessing = 0;
		};
		1FD2CE552C01E06800ECBAA5 /* Frameworks */ = {
			isa = PBXFrameworksBuildPhase;
			buildActionMask = 2147483647;
			files = (
			);
			runOnlyForDeploymentPostprocessing = 0;
		};
/* End PBXFrameworksBuildPhase section */

/* Begin PBXGroup section */
		1FD2CE352C01E06700ECBAA5 = {
			isa = PBXGroup;
			children = (
				1FD2CE402C01E06700ECBAA5 /* PilotApp */,
				1FD2CE512C01E06800ECBAA5 /* PilotAppTests */,
				1FD2CE5B2C01E06800ECBAA5 /* PilotAppUITests */,
				1FD2CE3F2C01E06700ECBAA5 /* Products */,
			);
			sourceTree = "<group>";
		};
		1FD2CE3F2C01E06700ECBAA5 /* Products */ = {
			isa = PBXGroup;
			children = (
				1FD2CE3E2C01E06700ECBAA5 /* PilotApp.app */,
				1FD2CE4E2C01E06800ECBAA5 /* PilotAppTests.xctest */,
				1FD2CE582C01E06800ECBAA5 /* PilotAppUITests.xctest */,
			);
			name = Products;
			sourceTree = "<group>";
		};
		1FD2CE402C01E06700ECBAA5 /* PilotApp */ = {
			isa = PBXGroup;
			children = (
				1FD2CEA22C033D4000ECBAA5 /* PilotApp.entitlements */,
				1FD2CEA32C033E5D00ECBAA5 /* Extensions */,
				1FD2CE942C03266100ECBAA5 /* Navigation */,
				1FD2CE912C0324AF00ECBAA5 /* Factory */,
				1FD2CE8A2C023EBE00ECBAA5 /* Persistence */,
				1FD2CE812C0232DE00ECBAA5 /* Errors */,
				1FD2CE7E2C0230B900ECBAA5 /* Repositories */,
				1FD2CE6F2C01E10E00ECBAA5 /* Screens */,
				1FD2CE6E2C01E0F200ECBAA5 /* Models */,
				1FD2CE412C01E06700ECBAA5 /* PilotAppApp.swift */,
				1FD2CE432C01E06700ECBAA5 /* ContentView.swift */,
				1FD2CE452C01E06800ECBAA5 /* Assets.xcassets */,
				1FD2CE772C022EFD00ECBAA5 /* Resources */,
				1FD2CE472C01E06800ECBAA5 /* Preview Content */,
			);
			path = PilotApp;
			sourceTree = "<group>";
		};
		1FD2CE472C01E06800ECBAA5 /* Preview Content */ = {
			isa = PBXGroup;
			children = (
				1FD2CE482C01E06800ECBAA5 /* Preview Assets.xcassets */,
			);
			path = "Preview Content";
			sourceTree = "<group>";
		};
		1FD2CE512C01E06800ECBAA5 /* PilotAppTests */ = {
			isa = PBXGroup;
			children = (
				1FD2CE522C01E06800ECBAA5 /* RegistrationViewModelTests.swift */,
				1FD2CE842C0236A200ECBAA5 /* LocalRepositoryTests.swift */,
				1FD2CE862C02398C00ECBAA5 /* RegistrationBusinessLogicTests.swift */,
				1FD2CE882C02399B00ECBAA5 /* TestMocks.swift */,
				1FD2CE9D2C032CCD00ECBAA5 /* ConfirmationViewModelTests.swift */,
				1FFDD0172C0541620082B59A /* FormValidatorTests.swift */,
			);
			path = PilotAppTests;
			sourceTree = "<group>";
		};
		1FD2CE5B2C01E06800ECBAA5 /* PilotAppUITests */ = {
			isa = PBXGroup;
			children = (
				1FB867602C0388AB00DAF6F0 /* PilotAppUITests.swift */,
			);
			path = PilotAppUITests;
			sourceTree = "<group>";
		};
		1FD2CE6B2C01E09900ECBAA5 /* Registration */ = {
			isa = PBXGroup;
			children = (
				1FD2CE722C01E15200ECBAA5 /* BusinessLogic */,
				1FD2CE6D2C01E0E400ECBAA5 /* ViewModel */,
				1FD2CE6C2C01E0DD00ECBAA5 /* View */,
			);
			path = Registration;
			sourceTree = "<group>";
		};
		1FD2CE6C2C01E0DD00ECBAA5 /* View */ = {
			isa = PBXGroup;
			children = (
				1FD2CE702C01E12F00ECBAA5 /* RegistrationView.swift */,
			);
			path = View;
			sourceTree = "<group>";
		};
		1FD2CE6D2C01E0E400ECBAA5 /* ViewModel */ = {
			isa = PBXGroup;
			children = (
				1FD2CE732C01E18B00ECBAA5 /* RegistrationViewModel.swift */,
			);
			path = ViewModel;
			sourceTree = "<group>";
		};
		1FD2CE6E2C01E0F200ECBAA5 /* Models */ = {
			isa = PBXGroup;
			children = (
				1FD2CE7C2C022F8900ECBAA5 /* PilotLicense.swift */,
				1FD2CE8F2C023F5E00ECBAA5 /* User.swift */,
			);
			path = Models;
			sourceTree = "<group>";
		};
		1FD2CE6F2C01E10E00ECBAA5 /* Screens */ = {
			isa = PBXGroup;
			children = (
				1FD2CE992C032B1100ECBAA5 /* Confirmation */,
				1FD2CE6B2C01E09900ECBAA5 /* Registration */,
			);
			path = Screens;
			sourceTree = "<group>";
		};
		1FD2CE722C01E15200ECBAA5 /* BusinessLogic */ = {
			isa = PBXGroup;
			children = (
				1FD2CE752C01EE9100ECBAA5 /* RegistrationBusinessLogic.swift */,
				1FFDD0132C053D3E0082B59A /* FormValidator.swift */,
			);
			path = BusinessLogic;
			sourceTree = "<group>";
		};
		1FD2CE772C022EFD00ECBAA5 /* Resources */ = {
			isa = PBXGroup;
			children = (
				1FD2CE782C022F3D00ECBAA5 /* licenses.json */,
				1FACF9E42C03772600E7F159 /* Localizable.xcstrings */,
			);
			path = Resources;
			sourceTree = "<group>";
		};
		1FD2CE7E2C0230B900ECBAA5 /* Repositories */ = {
			isa = PBXGroup;
			children = (
				1FD2CE7F2C0230C800ECBAA5 /* LicensesRepository.swift */,
			);
			path = Repositories;
			sourceTree = "<group>";
		};
		1FD2CE812C0232DE00ECBAA5 /* Errors */ = {
			isa = PBXGroup;
			children = (
				1FD2CE822C0232ED00ECBAA5 /* Errors.swift */,
			);
			path = Errors;
			sourceTree = "<group>";
		};
		1FD2CE8A2C023EBE00ECBAA5 /* Persistence */ = {
			isa = PBXGroup;
			children = (
				1FD2CE8B2C023EDC00ECBAA5 /* Persistable.swift */,
				1FD2CE8D2C023EFB00ECBAA5 /* UserDefaultsPersistance.swift */,
				1FD2CE972C03289E00ECBAA5 /* UserPersistance.swift */,
			);
			path = Persistence;
			sourceTree = "<group>";
		};
		1FD2CE912C0324AF00ECBAA5 /* Factory */ = {
			isa = PBXGroup;
			children = (
				1FD2CE922C0324C300ECBAA5 /* PilotAppViewFactory.swift */,
			);
			path = Factory;
			sourceTree = "<group>";
		};
		1FD2CE942C03266100ECBAA5 /* Navigation */ = {
			isa = PBXGroup;
			children = (
				1FD2CE952C03267900ECBAA5 /* NavigationViewModel.swift */,
			);
			path = Navigation;
			sourceTree = "<group>";
		};
		1FD2CE992C032B1100ECBAA5 /* Confirmation */ = {
			isa = PBXGroup;
			children = (
				1FD2CE9F2C032CE700ECBAA5 /* ViewModel */,
				1FD2CE9A2C032B1C00ECBAA5 /* View */,
			);
			path = Confirmation;
			sourceTree = "<group>";
		};
		1FD2CE9A2C032B1C00ECBAA5 /* View */ = {
			isa = PBXGroup;
			children = (
				1FD2CE9B2C032B2800ECBAA5 /* ConfirmationView.swift */,
			);
			path = View;
			sourceTree = "<group>";
		};
		1FD2CE9F2C032CE700ECBAA5 /* ViewModel */ = {
			isa = PBXGroup;
			children = (
				1FD2CEA02C032CF300ECBAA5 /* ConfirmationViewModel.swift */,
			);
			path = ViewModel;
			sourceTree = "<group>";
		};
		1FD2CEA32C033E5D00ECBAA5 /* Extensions */ = {
			isa = PBXGroup;
			children = (
				1FD2CEA42C033E6B00ECBAA5 /* ViewExtensions.swift */,
				1FACF9E62C03794C00E7F159 /* StringExtensions.swift */,
			);
			path = Extensions;
			sourceTree = "<group>";
		};
/* End PBXGroup section */

/* Begin PBXNativeTarget section */
		1FD2CE3D2C01E06700ECBAA5 /* PilotApp */ = {
			isa = PBXNativeTarget;
			buildConfigurationList = 1FD2CE622C01E06800ECBAA5 /* Build configuration list for PBXNativeTarget "PilotApp" */;
			buildPhases = (
				1FD2CE3A2C01E06700ECBAA5 /* Sources */,
				1FD2CE3B2C01E06700ECBAA5 /* Frameworks */,
				1FD2CE3C2C01E06700ECBAA5 /* Resources */,
			);
			buildRules = (
			);
			dependencies = (
			);
			name = PilotApp;
			productName = PilotApp;
			productReference = 1FD2CE3E2C01E06700ECBAA5 /* PilotApp.app */;
			productType = "com.apple.product-type.application";
		};
		1FD2CE4D2C01E06800ECBAA5 /* PilotAppTests */ = {
			isa = PBXNativeTarget;
			buildConfigurationList = 1FD2CE652C01E06800ECBAA5 /* Build configuration list for PBXNativeTarget "PilotAppTests" */;
			buildPhases = (
				1FD2CE4A2C01E06800ECBAA5 /* Sources */,
				1FD2CE4B2C01E06800ECBAA5 /* Frameworks */,
				1FD2CE4C2C01E06800ECBAA5 /* Resources */,
			);
			buildRules = (
			);
			dependencies = (
				1FD2CE502C01E06800ECBAA5 /* PBXTargetDependency */,
			);
			name = PilotAppTests;
			productName = PilotAppTests;
			productReference = 1FD2CE4E2C01E06800ECBAA5 /* PilotAppTests.xctest */;
			productType = "com.apple.product-type.bundle.unit-test";
		};
		1FD2CE572C01E06800ECBAA5 /* PilotAppUITests */ = {
			isa = PBXNativeTarget;
			buildConfigurationList = 1FD2CE682C01E06800ECBAA5 /* Build configuration list for PBXNativeTarget "PilotAppUITests" */;
			buildPhases = (
				1FD2CE542C01E06800ECBAA5 /* Sources */,
				1FD2CE552C01E06800ECBAA5 /* Frameworks */,
				1FD2CE562C01E06800ECBAA5 /* Resources */,
			);
			buildRules = (
			);
			dependencies = (
				1FD2CE5A2C01E06800ECBAA5 /* PBXTargetDependency */,
			);
			name = PilotAppUITests;
			productName = PilotAppUITests;
			productReference = 1FD2CE582C01E06800ECBAA5 /* PilotAppUITests.xctest */;
			productType = "com.apple.product-type.bundle.ui-testing";
		};
/* End PBXNativeTarget section */

/* Begin PBXProject section */
		1FD2CE362C01E06700ECBAA5 /* Project object */ = {
			isa = PBXProject;
			attributes = {
				BuildIndependentTargetsInParallel = 1;
				LastSwiftUpdateCheck = 1540;
				LastUpgradeCheck = 1540;
				TargetAttributes = {
					1FD2CE3D2C01E06700ECBAA5 = {
						CreatedOnToolsVersion = 15.4;
					};
					1FD2CE4D2C01E06800ECBAA5 = {
						CreatedOnToolsVersion = 15.4;
						TestTargetID = 1FD2CE3D2C01E06700ECBAA5;
					};
					1FD2CE572C01E06800ECBAA5 = {
						CreatedOnToolsVersion = 15.4;
						TestTargetID = 1FD2CE3D2C01E06700ECBAA5;
					};
				};
			};
			buildConfigurationList = 1FD2CE392C01E06700ECBAA5 /* Build configuration list for PBXProject "PilotApp" */;
			compatibilityVersion = "Xcode 14.0";
			developmentRegion = en;
			hasScannedForEncodings = 0;
			knownRegions = (
				en,
				Base,
			);
			mainGroup = 1FD2CE352C01E06700ECBAA5;
			productRefGroup = 1FD2CE3F2C01E06700ECBAA5 /* Products */;
			projectDirPath = "";
			projectRoot = "";
			targets = (
				1FD2CE3D2C01E06700ECBAA5 /* PilotApp */,
				1FD2CE4D2C01E06800ECBAA5 /* PilotAppTests */,
				1FD2CE572C01E06800ECBAA5 /* PilotAppUITests */,
			);
		};
/* End PBXProject section */

/* Begin PBXResourcesBuildPhase section */
		1FD2CE3C2C01E06700ECBAA5 /* Resources */ = {
			isa = PBXResourcesBuildPhase;
			buildActionMask = 2147483647;
			files = (
				1FD2CE792C022F3D00ECBAA5 /* licenses.json in Resources */,
				1FD2CE492C01E06800ECBAA5 /* Preview Assets.xcassets in Resources */,
				1FACF9E52C03772600E7F159 /* Localizable.xcstrings in Resources */,
				1FD2CE462C01E06800ECBAA5 /* Assets.xcassets in Resources */,
			);
			runOnlyForDeploymentPostprocessing = 0;
		};
		1FD2CE4C2C01E06800ECBAA5 /* Resources */ = {
			isa = PBXResourcesBuildPhase;
			buildActionMask = 2147483647;
			files = (
			);
			runOnlyForDeploymentPostprocessing = 0;
		};
		1FD2CE562C01E06800ECBAA5 /* Resources */ = {
			isa = PBXResourcesBuildPhase;
			buildActionMask = 2147483647;
			files = (
			);
			runOnlyForDeploymentPostprocessing = 0;
		};
/* End PBXResourcesBuildPhase section */

/* Begin PBXSourcesBuildPhase section */
		1FD2CE3A2C01E06700ECBAA5 /* Sources */ = {
			isa = PBXSourcesBuildPhase;
			buildActionMask = 2147483647;
			files = (
				1FD2CE982C03289E00ECBAA5 /* UserPersistance.swift in Sources */,
				1FD2CE932C0324C300ECBAA5 /* PilotAppViewFactory.swift in Sources */,
				1FD2CE8C2C023EDC00ECBAA5 /* Persistable.swift in Sources */,
				1FD2CE962C03267900ECBAA5 /* NavigationViewModel.swift in Sources */,
				1FD2CE712C01E12F00ECBAA5 /* RegistrationView.swift in Sources */,
				1FD2CE8E2C023EFB00ECBAA5 /* UserDefaultsPersistance.swift in Sources */,
				1FD2CE742C01E18B00ECBAA5 /* RegistrationViewModel.swift in Sources */,
				1FD2CE802C0230C800ECBAA5 /* LicensesRepository.swift in Sources */,
				1FD2CE762C01EE9100ECBAA5 /* RegistrationBusinessLogic.swift in Sources */,
				1FD2CE832C0232ED00ECBAA5 /* Errors.swift in Sources */,
				1FD2CE9C2C032B2800ECBAA5 /* ConfirmationView.swift in Sources */,
				1FD2CEA12C032CF300ECBAA5 /* ConfirmationViewModel.swift in Sources */,
				1FACF9E72C03794C00E7F159 /* StringExtensions.swift in Sources */,
				1FD2CEA52C033E6B00ECBAA5 /* ViewExtensions.swift in Sources */,
				1FD2CE442C01E06700ECBAA5 /* ContentView.swift in Sources */,
				1FD2CE7D2C022F8900ECBAA5 /* PilotLicense.swift in Sources */,
				1FD2CE422C01E06700ECBAA5 /* PilotAppApp.swift in Sources */,
				1FFDD0142C053D3E0082B59A /* FormValidator.swift in Sources */,
				1FD2CE902C023F5E00ECBAA5 /* User.swift in Sources */,
			);
			runOnlyForDeploymentPostprocessing = 0;
		};
		1FD2CE4A2C01E06800ECBAA5 /* Sources */ = {
			isa = PBXSourcesBuildPhase;
			buildActionMask = 2147483647;
			files = (
				1FD2CE9E2C032CCD00ECBAA5 /* ConfirmationViewModelTests.swift in Sources */,
				1FD2CE532C01E06800ECBAA5 /* RegistrationViewModelTests.swift in Sources */,
				1FFDD0182C0541620082B59A /* FormValidatorTests.swift in Sources */,
				1FD2CE852C0236A200ECBAA5 /* LocalRepositoryTests.swift in Sources */,
				1FD2CE872C02398C00ECBAA5 /* RegistrationBusinessLogicTests.swift in Sources */,
				1FD2CE892C02399B00ECBAA5 /* TestMocks.swift in Sources */,
			);
			runOnlyForDeploymentPostprocessing = 0;
		};
		1FD2CE542C01E06800ECBAA5 /* Sources */ = {
			isa = PBXSourcesBuildPhase;
			buildActionMask = 2147483647;
			files = (
				1FB867612C0388AB00DAF6F0 /* PilotAppUITests.swift in Sources */,
			);
			runOnlyForDeploymentPostprocessing = 0;
		};
/* End PBXSourcesBuildPhase section */

/* Begin PBXTargetDependency section */
		1FD2CE502C01E06800ECBAA5 /* PBXTargetDependency */ = {
			isa = PBXTargetDependency;
			target = 1FD2CE3D2C01E06700ECBAA5 /* PilotApp */;
			targetProxy = 1FD2CE4F2C01E06800ECBAA5 /* PBXContainerItemProxy */;
		};
		1FD2CE5A2C01E06800ECBAA5 /* PBXTargetDependency */ = {
			isa = PBXTargetDependency;
			target = 1FD2CE3D2C01E06700ECBAA5 /* PilotApp */;
			targetProxy = 1FD2CE592C01E06800ECBAA5 /* PBXContainerItemProxy */;
		};
/* End PBXTargetDependency section */

/* Begin XCBuildConfiguration section */
		1FD2CE602C01E06800ECBAA5 /* Debug */ = {
			isa = XCBuildConfiguration;
			buildSettings = {
				ALWAYS_SEARCH_USER_PATHS = NO;
				ASSETCATALOG_COMPILER_GENERATE_SWIFT_ASSET_SYMBOL_EXTENSIONS = YES;
				CLANG_ANALYZER_NONNULL = YES;
				CLANG_ANALYZER_NUMBER_OBJECT_CONVERSION = YES_AGGRESSIVE;
				CLANG_CXX_LANGUAGE_STANDARD = "gnu++20";
				CLANG_ENABLE_MODULES = YES;
				CLANG_ENABLE_OBJC_ARC = YES;
				CLANG_ENABLE_OBJC_WEAK = YES;
				CLANG_WARN_BLOCK_CAPTURE_AUTORELEASING = YES;
				CLANG_WARN_BOOL_CONVERSION = YES;
				CLANG_WARN_COMMA = YES;
				CLANG_WARN_CONSTANT_CONVERSION = YES;
				CLANG_WARN_DEPRECATED_OBJC_IMPLEMENTATIONS = YES;
				CLANG_WARN_DIRECT_OBJC_ISA_USAGE = YES_ERROR;
				CLANG_WARN_DOCUMENTATION_COMMENTS = YES;
				CLANG_WARN_EMPTY_BODY = YES;
				CLANG_WARN_ENUM_CONVERSION = YES;
				CLANG_WARN_INFINITE_RECURSION = YES;
				CLANG_WARN_INT_CONVERSION = YES;
				CLANG_WARN_NON_LITERAL_NULL_CONVERSION = YES;
				CLANG_WARN_OBJC_IMPLICIT_RETAIN_SELF = YES;
				CLANG_WARN_OBJC_LITERAL_CONVERSION = YES;
				CLANG_WARN_OBJC_ROOT_CLASS = YES_ERROR;
				CLANG_WARN_QUOTED_INCLUDE_IN_FRAMEWORK_HEADER = YES;
				CLANG_WARN_RANGE_LOOP_ANALYSIS = YES;
				CLANG_WARN_STRICT_PROTOTYPES = YES;
				CLANG_WARN_SUSPICIOUS_MOVE = YES;
				CLANG_WARN_UNGUARDED_AVAILABILITY = YES_AGGRESSIVE;
				CLANG_WARN_UNREACHABLE_CODE = YES;
				CLANG_WARN__DUPLICATE_METHOD_MATCH = YES;
				COPY_PHASE_STRIP = NO;
				DEBUG_INFORMATION_FORMAT = dwarf;
				ENABLE_STRICT_OBJC_MSGSEND = YES;
				ENABLE_TESTABILITY = YES;
				ENABLE_USER_SCRIPT_SANDBOXING = YES;
				GCC_C_LANGUAGE_STANDARD = gnu17;
				GCC_DYNAMIC_NO_PIC = NO;
				GCC_NO_COMMON_BLOCKS = YES;
				GCC_OPTIMIZATION_LEVEL = 0;
				GCC_PREPROCESSOR_DEFINITIONS = (
					"DEBUG=1",
					"$(inherited)",
				);
				GCC_WARN_64_TO_32_BIT_CONVERSION = YES;
				GCC_WARN_ABOUT_RETURN_TYPE = YES_ERROR;
				GCC_WARN_UNDECLARED_SELECTOR = YES;
				GCC_WARN_UNINITIALIZED_AUTOS = YES_AGGRESSIVE;
				GCC_WARN_UNUSED_FUNCTION = YES;
				GCC_WARN_UNUSED_VARIABLE = YES;
				IPHONEOS_DEPLOYMENT_TARGET = 17.5;
				LOCALIZATION_PREFERS_STRING_CATALOGS = YES;
				MTL_ENABLE_DEBUG_INFO = INCLUDE_SOURCE;
				MTL_FAST_MATH = YES;
				ONLY_ACTIVE_ARCH = YES;
				SDKROOT = iphoneos;
				SWIFT_ACTIVE_COMPILATION_CONDITIONS = "DEBUG $(inherited)";
				SWIFT_OPTIMIZATION_LEVEL = "-Onone";
			};
			name = Debug;
		};
		1FD2CE612C01E06800ECBAA5 /* Release */ = {
			isa = XCBuildConfiguration;
			buildSettings = {
				ALWAYS_SEARCH_USER_PATHS = NO;
				ASSETCATALOG_COMPILER_GENERATE_SWIFT_ASSET_SYMBOL_EXTENSIONS = YES;
				CLANG_ANALYZER_NONNULL = YES;
				CLANG_ANALYZER_NUMBER_OBJECT_CONVERSION = YES_AGGRESSIVE;
				CLANG_CXX_LANGUAGE_STANDARD = "gnu++20";
				CLANG_ENABLE_MODULES = YES;
				CLANG_ENABLE_OBJC_ARC = YES;
				CLANG_ENABLE_OBJC_WEAK = YES;
				CLANG_WARN_BLOCK_CAPTURE_AUTORELEASING = YES;
				CLANG_WARN_BOOL_CONVERSION = YES;
				CLANG_WARN_COMMA = YES;
				CLANG_WARN_CONSTANT_CONVERSION = YES;
				CLANG_WARN_DEPRECATED_OBJC_IMPLEMENTATIONS = YES;
				CLANG_WARN_DIRECT_OBJC_ISA_USAGE = YES_ERROR;
				CLANG_WARN_DOCUMENTATION_COMMENTS = YES;
				CLANG_WARN_EMPTY_BODY = YES;
				CLANG_WARN_ENUM_CONVERSION = YES;
				CLANG_WARN_INFINITE_RECURSION = YES;
				CLANG_WARN_INT_CONVERSION = YES;
				CLANG_WARN_NON_LITERAL_NULL_CONVERSION = YES;
				CLANG_WARN_OBJC_IMPLICIT_RETAIN_SELF = YES;
				CLANG_WARN_OBJC_LITERAL_CONVERSION = YES;
				CLANG_WARN_OBJC_ROOT_CLASS = YES_ERROR;
				CLANG_WARN_QUOTED_INCLUDE_IN_FRAMEWORK_HEADER = YES;
				CLANG_WARN_RANGE_LOOP_ANALYSIS = YES;
				CLANG_WARN_STRICT_PROTOTYPES = YES;
				CLANG_WARN_SUSPICIOUS_MOVE = YES;
				CLANG_WARN_UNGUARDED_AVAILABILITY = YES_AGGRESSIVE;
				CLANG_WARN_UNREACHABLE_CODE = YES;
				CLANG_WARN__DUPLICATE_METHOD_MATCH = YES;
				COPY_PHASE_STRIP = NO;
				DEBUG_INFORMATION_FORMAT = "dwarf-with-dsym";
				ENABLE_NS_ASSERTIONS = NO;
				ENABLE_STRICT_OBJC_MSGSEND = YES;
				ENABLE_USER_SCRIPT_SANDBOXING = YES;
				GCC_C_LANGUAGE_STANDARD = gnu17;
				GCC_NO_COMMON_BLOCKS = YES;
				GCC_WARN_64_TO_32_BIT_CONVERSION = YES;
				GCC_WARN_ABOUT_RETURN_TYPE = YES_ERROR;
				GCC_WARN_UNDECLARED_SELECTOR = YES;
				GCC_WARN_UNINITIALIZED_AUTOS = YES_AGGRESSIVE;
				GCC_WARN_UNUSED_FUNCTION = YES;
				GCC_WARN_UNUSED_VARIABLE = YES;
				IPHONEOS_DEPLOYMENT_TARGET = 17.5;
				LOCALIZATION_PREFERS_STRING_CATALOGS = YES;
				MTL_ENABLE_DEBUG_INFO = NO;
				MTL_FAST_MATH = YES;
				SDKROOT = iphoneos;
				SWIFT_COMPILATION_MODE = wholemodule;
				VALIDATE_PRODUCT = YES;
			};
			name = Release;
		};
		1FD2CE632C01E06800ECBAA5 /* Debug */ = {
			isa = XCBuildConfiguration;
			buildSettings = {
				ASSETCATALOG_COMPILER_APPICON_NAME = AppIcon;
				ASSETCATALOG_COMPILER_GLOBAL_ACCENT_COLOR_NAME = AccentColor;
				CODE_SIGN_ENTITLEMENTS = PilotApp/PilotApp.entitlements;
				CODE_SIGN_STYLE = Automatic;
				CURRENT_PROJECT_VERSION = 1;
				DEVELOPMENT_ASSET_PATHS = "\"PilotApp/Preview Content\"";
				DEVELOPMENT_TEAM = 284M42BD2D;
				ENABLE_PREVIEWS = YES;
				GENERATE_INFOPLIST_FILE = YES;
				INFOPLIST_KEY_UIApplicationSceneManifest_Generation = YES;
				INFOPLIST_KEY_UIApplicationSupportsIndirectInputEvents = YES;
				INFOPLIST_KEY_UILaunchScreen_Generation = YES;
				INFOPLIST_KEY_UISupportedInterfaceOrientations_iPad = "UIInterfaceOrientationPortrait UIInterfaceOrientationPortraitUpsideDown UIInterfaceOrientationLandscapeLeft UIInterfaceOrientationLandscapeRight";
				INFOPLIST_KEY_UISupportedInterfaceOrientations_iPhone = "UIInterfaceOrientationPortrait UIInterfaceOrientationLandscapeLeft UIInterfaceOrientationLandscapeRight";
				LD_RUNPATH_SEARCH_PATHS = (
					"$(inherited)",
					"@executable_path/Frameworks",
				);
				MARKETING_VERSION = 1.0;
				PRODUCT_BUNDLE_IDENTIFIER = com.giovanni.PilotApp;
				PRODUCT_NAME = "$(TARGET_NAME)";
				SWIFT_EMIT_LOC_STRINGS = YES;
				SWIFT_VERSION = 5.0;
				TARGETED_DEVICE_FAMILY = "1,2";
			};
			name = Debug;
		};
		1FD2CE642C01E06800ECBAA5 /* Release */ = {
			isa = XCBuildConfiguration;
			buildSettings = {
				ASSETCATALOG_COMPILER_APPICON_NAME = AppIcon;
				ASSETCATALOG_COMPILER_GLOBAL_ACCENT_COLOR_NAME = AccentColor;
				CODE_SIGN_ENTITLEMENTS = PilotApp/PilotApp.entitlements;
				CODE_SIGN_STYLE = Automatic;
				CURRENT_PROJECT_VERSION = 1;
				DEVELOPMENT_ASSET_PATHS = "\"PilotApp/Preview Content\"";
				DEVELOPMENT_TEAM = 284M42BD2D;
				ENABLE_PREVIEWS = YES;
				GENERATE_INFOPLIST_FILE = YES;
				INFOPLIST_KEY_UIApplicationSceneManifest_Generation = YES;
				INFOPLIST_KEY_UIApplicationSupportsIndirectInputEvents = YES;
				INFOPLIST_KEY_UILaunchScreen_Generation = YES;
				INFOPLIST_KEY_UISupportedInterfaceOrientations_iPad = "UIInterfaceOrientationPortrait UIInterfaceOrientationPortraitUpsideDown UIInterfaceOrientationLandscapeLeft UIInterfaceOrientationLandscapeRight";
				INFOPLIST_KEY_UISupportedInterfaceOrientations_iPhone = "UIInterfaceOrientationPortrait UIInterfaceOrientationLandscapeLeft UIInterfaceOrientationLandscapeRight";
				LD_RUNPATH_SEARCH_PATHS = (
					"$(inherited)",
					"@executable_path/Frameworks",
				);
				MARKETING_VERSION = 1.0;
				PRODUCT_BUNDLE_IDENTIFIER = com.giovanni.PilotApp;
				PRODUCT_NAME = "$(TARGET_NAME)";
				SWIFT_EMIT_LOC_STRINGS = YES;
				SWIFT_VERSION = 5.0;
				TARGETED_DEVICE_FAMILY = "1,2";
			};
			name = Release;
		};
		1FD2CE662C01E06800ECBAA5 /* Debug */ = {
			isa = XCBuildConfiguration;
			buildSettings = {
				ALWAYS_EMBED_SWIFT_STANDARD_LIBRARIES = YES;
				BUNDLE_LOADER = "$(TEST_HOST)";
				CODE_SIGN_STYLE = Automatic;
				CURRENT_PROJECT_VERSION = 1;
				DEVELOPMENT_TEAM = 284M42BD2D;
				GENERATE_INFOPLIST_FILE = YES;
				IPHONEOS_DEPLOYMENT_TARGET = 17.5;
				MARKETING_VERSION = 1.0;
				PRODUCT_BUNDLE_IDENTIFIER = com.giovanni.PilotAppTests;
				PRODUCT_NAME = "$(TARGET_NAME)";
				SWIFT_EMIT_LOC_STRINGS = NO;
				SWIFT_VERSION = 5.0;
				TARGETED_DEVICE_FAMILY = "1,2";
				TEST_HOST = "$(BUILT_PRODUCTS_DIR)/PilotApp.app/$(BUNDLE_EXECUTABLE_FOLDER_PATH)/PilotApp";
			};
			name = Debug;
		};
		1FD2CE672C01E06800ECBAA5 /* Release */ = {
			isa = XCBuildConfiguration;
			buildSettings = {
				ALWAYS_EMBED_SWIFT_STANDARD_LIBRARIES = YES;
				BUNDLE_LOADER = "$(TEST_HOST)";
				CODE_SIGN_STYLE = Automatic;
				CURRENT_PROJECT_VERSION = 1;
				DEVELOPMENT_TEAM = 284M42BD2D;
				GENERATE_INFOPLIST_FILE = YES;
				IPHONEOS_DEPLOYMENT_TARGET = 17.5;
				MARKETING_VERSION = 1.0;
				PRODUCT_BUNDLE_IDENTIFIER = com.giovanni.PilotAppTests;
				PRODUCT_NAME = "$(TARGET_NAME)";
				SWIFT_EMIT_LOC_STRINGS = NO;
				SWIFT_VERSION = 5.0;
				TARGETED_DEVICE_FAMILY = "1,2";
				TEST_HOST = "$(BUILT_PRODUCTS_DIR)/PilotApp.app/$(BUNDLE_EXECUTABLE_FOLDER_PATH)/PilotApp";
			};
			name = Release;
		};
		1FD2CE692C01E06800ECBAA5 /* Debug */ = {
			isa = XCBuildConfiguration;
			buildSettings = {
				ALWAYS_EMBED_SWIFT_STANDARD_LIBRARIES = YES;
				CODE_SIGN_STYLE = Automatic;
				CURRENT_PROJECT_VERSION = 1;
				DEVELOPMENT_TEAM = 284M42BD2D;
				GENERATE_INFOPLIST_FILE = YES;
				MARKETING_VERSION = 1.0;
				PRODUCT_BUNDLE_IDENTIFIER = com.giovanni.PilotAppUITests;
				PRODUCT_NAME = "$(TARGET_NAME)";
				SWIFT_EMIT_LOC_STRINGS = NO;
				SWIFT_VERSION = 5.0;
				TARGETED_DEVICE_FAMILY = "1,2";
				TEST_TARGET_NAME = PilotApp;
			};
			name = Debug;
		};
		1FD2CE6A2C01E06800ECBAA5 /* Release */ = {
			isa = XCBuildConfiguration;
			buildSettings = {
				ALWAYS_EMBED_SWIFT_STANDARD_LIBRARIES = YES;
				CODE_SIGN_STYLE = Automatic;
				CURRENT_PROJECT_VERSION = 1;
				DEVELOPMENT_TEAM = 284M42BD2D;
				GENERATE_INFOPLIST_FILE = YES;
				MARKETING_VERSION = 1.0;
				PRODUCT_BUNDLE_IDENTIFIER = com.giovanni.PilotAppUITests;
				PRODUCT_NAME = "$(TARGET_NAME)";
				SWIFT_EMIT_LOC_STRINGS = NO;
				SWIFT_VERSION = 5.0;
				TARGETED_DEVICE_FAMILY = "1,2";
				TEST_TARGET_NAME = PilotApp;
			};
			name = Release;
		};
/* End XCBuildConfiguration section */

/* Begin XCConfigurationList section */
		1FD2CE392C01E06700ECBAA5 /* Build configuration list for PBXProject "PilotApp" */ = {
			isa = XCConfigurationList;
			buildConfigurations = (
				1FD2CE602C01E06800ECBAA5 /* Debug */,
				1FD2CE612C01E06800ECBAA5 /* Release */,
			);
			defaultConfigurationIsVisible = 0;
			defaultConfigurationName = Release;
		};
		1FD2CE622C01E06800ECBAA5 /* Build configuration list for PBXNativeTarget "PilotApp" */ = {
			isa = XCConfigurationList;
			buildConfigurations = (
				1FD2CE632C01E06800ECBAA5 /* Debug */,
				1FD2CE642C01E06800ECBAA5 /* Release */,
			);
			defaultConfigurationIsVisible = 0;
			defaultConfigurationName = Release;
		};
		1FD2CE652C01E06800ECBAA5 /* Build configuration list for PBXNativeTarget "PilotAppTests" */ = {
			isa = XCConfigurationList;
			buildConfigurations = (
				1FD2CE662C01E06800ECBAA5 /* Debug */,
				1FD2CE672C01E06800ECBAA5 /* Release */,
			);
			defaultConfigurationIsVisible = 0;
			defaultConfigurationName = Release;
		};
		1FD2CE682C01E06800ECBAA5 /* Build configuration list for PBXNativeTarget "PilotAppUITests" */ = {
			isa = XCConfigurationList;
			buildConfigurations = (
				1FD2CE692C01E06800ECBAA5 /* Debug */,
				1FD2CE6A2C01E06800ECBAA5 /* Release */,
			);
			defaultConfigurationIsVisible = 0;
			defaultConfigurationName = Release;
		};
/* End XCConfigurationList section */
	};
	rootObject = 1FD2CE362C01E06700ECBAA5 /* Project object */;
}
